// !$*UTF8*$!
{
	archiveVersion = 1;
	classes = {
	};
	objectVersion = 46;
	objects = {

/* Begin PBXBuildFile section */
		5F79C53C2051E55500CA89BD /* AppDelegate.swift in Sources */ = {isa = PBXBuildFile; fileRef = 5F79C53B2051E55500CA89BD /* AppDelegate.swift */; };
		5F79C53E2051E55500CA89BD /* ViewController.swift in Sources */ = {isa = PBXBuildFile; fileRef = 5F79C53D2051E55500CA89BD /* ViewController.swift */; };
		5F79C5412051E55500CA89BD /* Main.storyboard in Resources */ = {isa = PBXBuildFile; fileRef = 5F79C53F2051E55500CA89BD /* Main.storyboard */; };
		5F79C5432051E55500CA89BD /* Assets.xcassets in Resources */ = {isa = PBXBuildFile; fileRef = 5F79C5422051E55500CA89BD /* Assets.xcassets */; };
		5F79C5462051E55500CA89BD /* LaunchScreen.storyboard in Resources */ = {isa = PBXBuildFile; fileRef = 5F79C5442051E55500CA89BD /* LaunchScreen.storyboard */; };
		5F79C5512051E55500CA89BD /* FirstAppTests.swift in Sources */ = {isa = PBXBuildFile; fileRef = 5F79C5502051E55500CA89BD /* FirstAppTests.swift */; };
/* End PBXBuildFile section */

/* Begin PBXContainerItemProxy section */
		5F79C54D2051E55500CA89BD /* PBXContainerItemProxy */ = {
			isa = PBXContainerItemProxy;
			containerPortal = 5F79C5302051E55400CA89BD /* Project object */;
			proxyType = 1;
			remoteGlobalIDString = 5F79C5372051E55400CA89BD;
			remoteInfo = FirstApp;
		};
/* End PBXContainerItemProxy section */

/* Begin PBXFileReference section */
		5F79C5382051E55500CA89BD /* FirstApp.app */ = {isa = PBXFileReference; explicitFileType = wrapper.application; includeInIndex = 0; path = FirstApp.app; sourceTree = BUILT_PRODUCTS_DIR; };
		5F79C53B2051E55500CA89BD /* AppDelegate.swift */ = {isa = PBXFileReference; lastKnownFileType = sourcecode.swift; path = AppDelegate.swift; sourceTree = "<group>"; };
		5F79C53D2051E55500CA89BD /* ViewController.swift */ = {isa = PBXFileReference; lastKnownFileType = sourcecode.swift; path = ViewController.swift; sourceTree = "<group>"; };
		5F79C5402051E55500CA89BD /* Base */ = {isa = PBXFileReference; lastKnownFileType = file.storyboard; name = Base; path = Base.lproj/Main.storyboard; sourceTree = "<group>"; };
		5F79C5422051E55500CA89BD /* Assets.xcassets */ = {isa = PBXFileReference; lastKnownFileType = folder.assetcatalog; path = Assets.xcassets; sourceTree = "<group>"; };
		5F79C5452051E55500CA89BD /* Base */ = {isa = PBXFileReference; lastKnownFileType = file.storyboard; name = Base; path = Base.lproj/LaunchScreen.storyboard; sourceTree = "<group>"; };
		5F79C5472051E55500CA89BD /* Info.plist */ = {isa = PBXFileReference; lastKnownFileType = text.plist.xml; path = Info.plist; sourceTree = "<group>"; };
		5F79C54C2051E55500CA89BD /* FirstAppTests.xctest */ = {isa = PBXFileReference; explicitFileType = wrapper.cfbundle; includeInIndex = 0; path = FirstAppTests.xctest; sourceTree = BUILT_PRODUCTS_DIR; };
		5F79C5502051E55500CA89BD /* FirstAppTests.swift */ = {isa = PBXFileReference; lastKnownFileType = sourcecode.swift; path = FirstAppTests.swift; sourceTree = "<group>"; };
		5F79C5522051E55500CA89BD /* Info.plist */ = {isa = PBXFileReference; lastKnownFileType = text.plist.xml; path = Info.plist; sourceTree = "<group>"; };
/* End PBXFileReference section */

/* Begin PBXFrameworksBuildPhase section */
		5F79C5352051E55400CA89BD /* Frameworks */ = {
			isa = PBXFrameworksBuildPhase;
			buildActionMask = 2147483647;
			files = (
			);
			runOnlyForDeploymentPostprocessing = 0;
		};
		5F79C5492051E55500CA89BD /* Frameworks */ = {
			isa = PBXFrameworksBuildPhase;
			buildActionMask = 2147483647;
			files = (
			);
			runOnlyForDeploymentPostprocessing = 0;
		};
/* End PBXFrameworksBuildPhase section */

/* Begin PBXGroup section */
		5F79C52F2051E55400CA89BD = {
			isa = PBXGroup;
			children = (
				5F79C53A2051E55500CA89BD /* FirstApp */,
				5F79C54F2051E55500CA89BD /* FirstAppTests */,
				5F79C5392051E55500CA89BD /* Products */,
			);
			sourceTree = "<group>";
		};
		5F79C5392051E55500CA89BD /* Products */ = {
			isa = PBXGroup;
			children = (
				5F79C5382051E55500CA89BD /* FirstApp.app */,
				5F79C54C2051E55500CA89BD /* FirstAppTests.xctest */,
			);
			name = Products;
			sourceTree = "<group>";
		};
		5F79C53A2051E55500CA89BD /* FirstApp */ = {
			isa = PBXGroup;
			children = (
				5F79C53B2051E55500CA89BD /* AppDelegate.swift */,
				5F79C53D2051E55500CA89BD /* ViewController.swift */,
				5F79C53F2051E55500CA89BD /* Main.storyboard */,
				5F79C5422051E55500CA89BD /* Assets.xcassets */,
				5F79C5442051E55500CA89BD /* LaunchScreen.storyboard */,
				5F79C5472051E55500CA89BD /* Info.plist */,
			);
			path = FirstApp;
			sourceTree = "<group>";
		};
		5F79C54F2051E55500CA89BD /* FirstAppTests */ = {
			isa = PBXGroup;
			children = (
				5F79C5502051E55500CA89BD /* FirstAppTests.swift */,
				5F79C5522051E55500CA89BD /* Info.plist */,
			);
			path = FirstAppTests;
			sourceTree = "<group>";
		};
/* End PBXGroup section */

/* Begin PBXNativeTarget section */
		5F79C5372051E55400CA89BD /* FirstApp */ = {
			isa = PBXNativeTarget;
			buildConfigurationList = 5F79C5552051E55500CA89BD /* Build configuration list for PBXNativeTarget "FirstApp" */;
			buildPhases = (
				5F79C5342051E55400CA89BD /* Sources */,
				5F79C5352051E55400CA89BD /* Frameworks */,
				5F79C5362051E55400CA89BD /* Resources */,
			);
			buildRules = (
			);
			dependencies = (
			);
			name = FirstApp;
			productName = FirstApp;
			productReference = 5F79C5382051E55500CA89BD /* FirstApp.app */;
			productType = "com.apple.product-type.application";
		};
		5F79C54B2051E55500CA89BD /* FirstAppTests */ = {
			isa = PBXNativeTarget;
			buildConfigurationList = 5F79C5582051E55500CA89BD /* Build configuration list for PBXNativeTarget "FirstAppTests" */;
			buildPhases = (
				5F79C5482051E55500CA89BD /* Sources */,
				5F79C5492051E55500CA89BD /* Frameworks */,
				5F79C54A2051E55500CA89BD /* Resources */,
			);
			buildRules = (
			);
			dependencies = (
				5F79C54E2051E55500CA89BD /* PBXTargetDependency */,
			);
			name = FirstAppTests;
			productName = FirstAppTests;
			productReference = 5F79C54C2051E55500CA89BD /* FirstAppTests.xctest */;
			productType = "com.apple.product-type.bundle.unit-test";
		};
/* End PBXNativeTarget section */

/* Begin PBXProject section */
		5F79C5302051E55400CA89BD /* Project object */ = {
			isa = PBXProject;
			attributes = {
				LastSwiftUpdateCheck = 0830;
				LastUpgradeCheck = 0830;
				ORGANIZATIONNAME = "Peter Larson";
				TargetAttributes = {
					5F79C5372051E55400CA89BD = {
						CreatedOnToolsVersion = 8.3;
						DevelopmentTeam = 928DMH644A;
						ProvisioningStyle = Automatic;
					};
					5F79C54B2051E55500CA89BD = {
						CreatedOnToolsVersion = 8.3;
						DevelopmentTeam = 928DMH644A;
						ProvisioningStyle = Automatic;
						TestTargetID = 5F79C5372051E55400CA89BD;
					};
				};
			};
			buildConfigurationList = 5F79C5332051E55400CA89BD /* Build configuration list for PBXProject "FirstApp" */;
			compatibilityVersion = "Xcode 3.2";
			developmentRegion = English;
			hasScannedForEncodings = 0;
			knownRegions = (
				en,
				Base,
			);
			mainGroup = 5F79C52F2051E55400CA89BD;
			productRefGroup = 5F79C5392051E55500CA89BD /* Products */;
			projectDirPath = "";
			projectRoot = "";
			targets = (
				5F79C5372051E55400CA89BD /* FirstApp */,
				5F79C54B2051E55500CA89BD /* FirstAppTests */,
			);
		};
/* End PBXProject section */

/* Begin PBXResourcesBuildPhase section */
		5F79C5362051E55400CA89BD /* Resources */ = {
			isa = PBXResourcesBuildPhase;
			buildActionMask = 2147483647;
			files = (
				5F79C5462051E55500CA89BD /* LaunchScreen.storyboard in Resources */,
				5F79C5432051E55500CA89BD /* Assets.xcassets in Resources */,
				5F79C5412051E55500CA89BD /* Main.storyboard in Resources */,
			);
			runOnlyForDeploymentPostprocessing = 0;
		};
		5F79C54A2051E55500CA89BD /* Resources */ = {
			isa = PBXResourcesBuildPhase;
			buildActionMask = 2147483647;
			files = (
			);
			runOnlyForDeploymentPostprocessing = 0;
		};
/* End PBXResourcesBuildPhase section */

/* Begin PBXSourcesBuildPhase section */
		5F79C5342051E55400CA89BD /* Sources */ = {
			isa = PBXSourcesBuildPhase;
			buildActionMask = 2147483647;
			files = (
				5F79C53E2051E55500CA89BD /* ViewController.swift in Sources */,
				5F79C53C2051E55500CA89BD /* AppDelegate.swift in Sources */,
			);
			runOnlyForDeploymentPostprocessing = 0;
		};
		5F79C5482051E55500CA89BD /* Sources */ = {
			isa = PBXSourcesBuildPhase;
			buildActionMask = 2147483647;
			files = (
				5F79C5512051E55500CA89BD /* FirstAppTests.swift in Sources */,
			);
			runOnlyForDeploymentPostprocessing = 0;
		};
/* End PBXSourcesBuildPhase section */

/* Begin PBXTargetDependency section */
		5F79C54E2051E55500CA89BD /* PBXTargetDependency */ = {
			isa = PBXTargetDependency;
			target = 5F79C5372051E55400CA89BD /* FirstApp */;
			targetProxy = 5F79C54D2051E55500CA89BD /* PBXContainerItemProxy */;
		};
/* End PBXTargetDependency section */

/* Begin PBXVariantGroup section */
		5F79C53F2051E55500CA89BD /* Main.storyboard */ = {
			isa = PBXVariantGroup;
			children = (
				5F79C5402051E55500CA89BD /* Base */,
			);
			name = Main.storyboard;
			sourceTree = "<group>";
		};
		5F79C5442051E55500CA89BD /* LaunchScreen.storyboard */ = {
			isa = PBXVariantGroup;
			children = (
				5F79C5452051E55500CA89BD /* Base */,
			);
			name = LaunchScreen.storyboard;
			sourceTree = "<group>";
		};
/* End PBXVariantGroup section */

/* Begin XCBuildConfiguration section */
		5F79C5532051E55500CA89BD /* Debug */ = {
			isa = XCBuildConfiguration;
			buildSettings = {
				ALWAYS_SEARCH_USER_PATHS = NO;
				CLANG_ANALYZER_NONNULL = YES;
				CLANG_ANALYZER_NUMBER_OBJECT_CONVERSION = YES_AGGRESSIVE;
				CLANG_CXX_LANGUAGE_STANDARD = "gnu++0x";
				CLANG_CXX_LIBRARY = "libc++";
				CLANG_ENABLE_MODULES = YES;
				CLANG_ENABLE_OBJC_ARC = YES;
				CLANG_WARN_BOOL_CONVERSION = YES;
				CLANG_WARN_CONSTANT_CONVERSION = YES;
				CLANG_WARN_DIRECT_OBJC_ISA_USAGE = YES_ERROR;
				CLANG_WARN_DOCUMENTATION_COMMENTS = YES;
				CLANG_WARN_EMPTY_BODY = YES;
				CLANG_WARN_ENUM_CONVERSION = YES;
				CLANG_WARN_INFINITE_RECURSION = YES;
				CLANG_WARN_INT_CONVERSION = YES;
				CLANG_WARN_OBJC_ROOT_CLASS = YES_ERROR;
				CLANG_WARN_SUSPICIOUS_MOVE = YES;
				CLANG_WARN_UNREACHABLE_CODE = YES;
				CLANG_WARN__DUPLICATE_METHOD_MATCH = YES;
				"CODE_SIGN_IDENTITY[sdk=iphoneos*]" = "iPhone Developer";
				COPY_PHASE_STRIP = NO;
				DEBUG_INFORMATION_FORMAT = dwarf;
				ENABLE_STRICT_OBJC_MSGSEND = YES;
				ENABLE_TESTABILITY = YES;
				GCC_C_LANGUAGE_STANDARD = gnu99;
				GCC_DYNAMIC_NO_PIC = NO;
				GCC_NO_COMMON_BLOCKS = YES;
				GCC_OPTIMIZATION_LEVEL = 0;
				GCC_PREPROCESSOR_DEFINITIONS = (
					"DEBUG=1",
					"$(inherited)",
				);
				GCC_WARN_64_TO_32_BIT_CONVERSION = YES;
				GCC_WARN_ABOUT_RETURN_TYPE = YES_ERROR;
				GCC_WARN_UNDECLARED_SELECTOR = YES;
				GCC_WARN_UNINITIALIZED_AUTOS = YES_AGGRESSIVE;
				GCC_WARN_UNUSED_FUNCTION = YES;
				GCC_WARN_UNUSED_VARIABLE = YES;
				IPHONEOS_DEPLOYMENT_TARGET = 10.3;
				MTL_ENABLE_DEBUG_INFO = YES;
				ONLY_ACTIVE_ARCH = YES;
				SDKROOT = iphoneos;
				SWIFT_ACTIVE_COMPILATION_CONDITIONS = DEBUG;
				SWIFT_OPTIMIZATION_LEVEL = "-Onone";
				TARGETED_DEVICE_FAMILY = "1,2";
			};
			name = Debug;
		};
		5F79C5542051E55500CA89BD /* Release */ = {
			isa = XCBuildConfiguration;
			buildSettings = {
				ALWAYS_SEARCH_USER_PATHS = NO;
				CLANG_ANALYZER_NONNULL = YES;
				CLANG_ANALYZER_NUMBER_OBJECT_CONVERSION = YES_AGGRESSIVE;
				CLANG_CXX_LANGUAGE_STANDARD = "gnu++0x";
				CLANG_CXX_LIBRARY = "libc++";
				CLANG_ENABLE_MODULES = YES;
				CLANG_ENABLE_OBJC_ARC = YES;
				CLANG_WARN_BOOL_CONVERSION = YES;
				CLANG_WARN_CONSTANT_CONVERSION = YES;
				CLANG_WARN_DIRECT_OBJC_ISA_USAGE = YES_ERROR;
				CLANG_WARN_DOCUMENTATION_COMMENTS = YES;
				CLANG_WARN_EMPTY_BODY = YES;
				CLANG_WARN_ENUM_CONVERSION = YES;
				CLANG_WARN_INFINITE_RECURSION = YES;
				CLANG_WARN_INT_CONVERSION = YES;
				CLANG_WARN_OBJC_ROOT_CLASS = YES_ERROR;
				CLANG_WARN_SUSPICIOUS_MOVE = YES;
				CLANG_WARN_UNREACHABLE_CODE = YES;
				CLANG_WARN__DUPLICATE_METHOD_MATCH = YES;
				"CODE_SIGN_IDENTITY[sdk=iphoneos*]" = "iPhone Developer";
				COPY_PHASE_STRIP = NO;
				DEBUG_INFORMATION_FORMAT = "dwarf-with-dsym";
				ENABLE_NS_ASSERTIONS = NO;
				ENABLE_STRICT_OBJC_MSGSEND = YES;
				GCC_C_LANGUAGE_STANDARD = gnu99;
				GCC_NO_COMMON_BLOCKS = YES;
				GCC_WARN_64_TO_32_BIT_CONVERSION = YES;
				GCC_WARN_ABOUT_RETURN_TYPE = YES_ERROR;
				GCC_WARN_UNDECLARED_SELECTOR = YES;
				GCC_WARN_UNINITIALIZED_AUTOS = YES_AGGRESSIVE;
				GCC_WARN_UNUSED_FUNCTION = YES;
				GCC_WARN_UNUSED_VARIABLE = YES;
				IPHONEOS_DEPLOYMENT_TARGET = 10.3;
				MTL_ENABLE_DEBUG_INFO = NO;
				SDKROOT = iphoneos;
				SWIFT_OPTIMIZATION_LEVEL = "-Owholemodule";
				TARGETED_DEVICE_FAMILY = "1,2";
				VALIDATE_PRODUCT = YES;
			};
			name = Release;
		};
		5F79C5562051E55500CA89BD /* Debug */ = {
			isa = XCBuildConfiguration;
			buildSettings = {
				ASSETCATALOG_COMPILER_APPICON_NAME = AppIcon;
				DEVELOPMENT_TEAM = 928DMH644A;
				INFOPLIST_FILE = FirstApp/Info.plist;
				LD_RUNPATH_SEARCH_PATHS = "$(inherited) @executable_path/Frameworks";
				PRODUCT_BUNDLE_IDENTIFIER = com.kristenandpeter.FirstApp;
				PRODUCT_NAME = "$(TARGET_NAME)";
				SWIFT_VERSION = 3.0;
			};
			name = Debug;
		};
		5F79C5572051E55500CA89BD /* Release */ = {
			isa = XCBuildConfiguration;
			buildSettings = {
				ASSETCATALOG_COMPILER_APPICON_NAME = AppIcon;
				DEVELOPMENT_TEAM = 928DMH644A;
				INFOPLIST_FILE = FirstApp/Info.plist;
				LD_RUNPATH_SEARCH_PATHS = "$(inherited) @executable_path/Frameworks";
				PRODUCT_BUNDLE_IDENTIFIER = com.kristenandpeter.FirstApp;
				PRODUCT_NAME = "$(TARGET_NAME)";
				SWIFT_VERSION = 3.0;
			};
			name = Release;
		};
		5F79C5592051E55500CA89BD /* Debug */ = {
			isa = XCBuildConfiguration;
			buildSettings = {
				ALWAYS_EMBED_SWIFT_STANDARD_LIBRARIES = YES;
				BUNDLE_LOADER = "$(TEST_HOST)";
				DEVELOPMENT_TEAM = 928DMH644A;
				INFOPLIST_FILE = FirstAppTests/Info.plist;
				LD_RUNPATH_SEARCH_PATHS = "$(inherited) @executable_path/Frameworks @loader_path/Frameworks";
				PRODUCT_BUNDLE_IDENTIFIER = com.kristenandpeter.FirstAppTests;
				PRODUCT_NAME = "$(TARGET_NAME)";
				SWIFT_VERSION = 3.0;
				TEST_HOST = "$(BUILT_PRODUCTS_DIR)/FirstApp.app/FirstApp";
			};
			name = Debug;
		};
		5F79C55A2051E55500CA89BD /* Release */ = {
			isa = XCBuildConfiguration;
			buildSettings = {
				ALWAYS_EMBED_SWIFT_STANDARD_LIBRARIES = YES;
				BUNDLE_LOADER = "$(TEST_HOST)";
				DEVELOPMENT_TEAM = 928DMH644A;
				INFOPLIST_FILE = FirstAppTests/Info.plist;
				LD_RUNPATH_SEARCH_PATHS = "$(inherited) @executable_path/Frameworks @loader_path/Frameworks";
				PRODUCT_BUNDLE_IDENTIFIER = com.kristenandpeter.FirstAppTests;
				PRODUCT_NAME = "$(TARGET_NAME)";
				SWIFT_VERSION = 3.0;
				TEST_HOST = "$(BUILT_PRODUCTS_DIR)/FirstApp.app/FirstApp";
			};
			name = Release;
		};
/* End XCBuildConfiguration section */

/* Begin XCConfigurationList section */
		5F79C5332051E55400CA89BD /* Build configuration list for PBXProject "FirstApp" */ = {
			isa = XCConfigurationList;
			buildConfigurations = (
				5F79C5532051E55500CA89BD /* Debug */,
				5F79C5542051E55500CA89BD /* Release */,
			);
			defaultConfigurationIsVisible = 0;
			defaultConfigurationName = Release;
		};
		5F79C5552051E55500CA89BD /* Build configuration list for PBXNativeTarget "FirstApp" */ = {
			isa = XCConfigurationList;
			buildConfigurations = (
				5F79C5562051E55500CA89BD /* Debug */,
				5F79C5572051E55500CA89BD /* Release */,
			);
			defaultConfigurationIsVisible = 0;
		};
		5F79C5582051E55500CA89BD /* Build configuration list for PBXNativeTarget "FirstAppTests" */ = {
			isa = XCConfigurationList;
			buildConfigurations = (
				5F79C5592051E55500CA89BD /* Debug */,
				5F79C55A2051E55500CA89BD /* Release */,
			);
			defaultConfigurationIsVisible = 0;
		};
/* End XCConfigurationList section */
	};
	rootObject = 5F79C5302051E55400CA89BD /* Project object */;
}
